
Microsoft Visual Studio Solution File, Format Version 12.00
# Visual Studio Version 16
VisualStudioVersion = 16.0.31424.327
MinimumVisualStudioVersion = 10.0.40219.1
Project("{9A19103F-16F7-4668-BE54-9A1E7A4F7556}") = "GitHubTest", "GitHubTest\GitHubTest.csproj", "{23D63DDD-E81C-4E01-9117-D1D542E129FC}"
EndProject
Project("{9A19103F-16F7-4668-BE54-9A1E7A4F7556}") = "AnotherTest", "AnotherTest\AnotherTest.csproj", "{6CF4E1B8-D828-4043-8C85-E38046824001}"
EndProject
Project("{FAE04EC0-301F-11D3-BF4B-00C04F79EFBC}") = "AnotherTest2", "AnotherTest2\AnotherTest2.csproj", "{E56D8002-2044-481B-84F4-34C010EC3C93}"
EndProject
Global
	GlobalSection(SolutionConfigurationPlatforms) = preSolution
		Debug|Any CPU = Debug|Any CPU
		Release|Any CPU = Release|Any CPU
	EndGlobalSection
	GlobalSection(ProjectConfigurationPlatforms) = postSolution
		{23D63DDD-E81C-4E01-9117-D1D542E129FC}.Debug|Any CPU.ActiveCfg = Debug|Any CPU
		{23D63DDD-E81C-4E01-9117-D1D542E129FC}.Debug|Any CPU.Build.0 = Debug|Any CPU
		{23D63DDD-E81C-4E01-9117-D1D542E129FC}.Release|Any CPU.ActiveCfg = Release|Any CPU
		{23D63DDD-E81C-4E01-9117-D1D542E129FC}.Release|Any CPU.Build.0 = Release|Any CPU
		{6CF4E1B8-D828-4043-8C85-E38046824001}.Debug|Any CPU.ActiveCfg = Debug|Any CPU
		{6CF4E1B8-D828-4043-8C85-E38046824001}.Debug|Any CPU.Build.0 = Debug|Any CPU
		{6CF4E1B8-D828-4043-8C85-E38046824001}.Release|Any CPU.ActiveCfg = Release|Any CPU
		{6CF4E1B8-D828-4043-8C85-E38046824001}.Release|Any CPU.Build.0 = Release|Any CPU
		{E56D8002-2044-481B-84F4-34C010EC3C93}.Debug|Any CPU.ActiveCfg = Debug|Any CPU
		{E56D8002-2044-481B-84F4-34C010EC3C93}.Debug|Any CPU.Build.0 = Debug|Any CPU
		{E56D8002-2044-481B-84F4-34C010EC3C93}.Release|Any CPU.ActiveCfg = Release|Any CPU
		{E56D8002-2044-481B-84F4-34C010EC3C93}.Release|Any CPU.Build.0 = Release|Any CPU
	EndGlobalSection
	GlobalSection(SolutionProperties) = preSolution
		HideSolutionNode = FALSE
	EndGlobalSection
	GlobalSection(ExtensibilityGlobals) = postSolution
		SolutionGuid = {5A557FEF-14F4-4300-85C4-71179F9321A4}
	EndGlobalSection
EndGlobal
